
Microsoft Visual Studio Solution File, Format Version 12.00
# Visual Studio 15
Project("{FAE04EC0-301F-11D3-BF4B-00C04F79EFBC}") = "DesignPatterns", "DesignPatterns\DesignPatterns.csproj", "{F445C3DC-121C-423C-8C40-CBC44263C172}"
EndProject
Project("{FAE04EC0-301F-11D3-BF4B-00C04F79EFBC}") = "Factory", "Factory\Factory.csproj", "{D10D4FF8-BDF6-4580-974F-5346C7D09EC4}"
EndProject
Global
	GlobalSection(SolutionConfigurationPlatforms) = preSolution
		Debug|Any CPU = Debug|Any CPU
		Release|Any CPU = Release|Any CPU
	EndGlobalSection
	GlobalSection(ProjectConfigurationPlatforms) = postSolution
		{F445C3DC-121C-423C-8C40-CBC44263C172}.Debug|Any CPU.ActiveCfg = Debug|Any CPU
		{F445C3DC-121C-423C-8C40-CBC44263C172}.Debug|Any CPU.Build.0 = Debug|Any CPU
		{F445C3DC-121C-423C-8C40-CBC44263C172}.Release|Any CPU.ActiveCfg = Release|Any CPU
		{F445C3DC-121C-423C-8C40-CBC44263C172}.Release|Any CPU.Build.0 = Release|Any CPU
		{D10D4FF8-BDF6-4580-974F-5346C7D09EC4}.Debug|Any CPU.ActiveCfg = Debug|Any CPU
		{D10D4FF8-BDF6-4580-974F-5346C7D09EC4}.Debug|Any CPU.Build.0 = Debug|Any CPU
		{D10D4FF8-BDF6-4580-974F-5346C7D09EC4}.Release|Any CPU.ActiveCfg = Release|Any CPU
		{D10D4FF8-BDF6-4580-974F-5346C7D09EC4}.Release|Any CPU.Build.0 = Release|Any CPU
	EndGlobalSection
EndGlobal
